
Microsoft Visual Studio Solution File, Format Version 12.00
# Visual Studio Version 17
VisualStudioVersion = 17.11.35219.272
MinimumVisualStudioVersion = 10.0.40219.1
Project("{FAE04EC0-301F-11D3-BF4B-00C04F79EFBC}") = "Lauch2", "Lauch2\Lauch2.csproj", "{AF13EB63-D2AA-40AA-9FB3-78B7CD9D1D4D}"
EndProject
Global
	GlobalSection(SolutionConfigurationPlatforms) = preSolution
		Debug|Any CPU = Debug|Any CPU
		Release|Any CPU = Release|Any CPU
	EndGlobalSection
	GlobalSection(ProjectConfigurationPlatforms) = postSolution
		{AF13EB63-D2AA-40AA-9FB3-78B7CD9D1D4D}.Debug|Any CPU.ActiveCfg = Debug|Any CPU
		{AF13EB63-D2AA-40AA-9FB3-78B7CD9D1D4D}.Debug|Any CPU.Build.0 = Debug|Any CPU
		{AF13EB63-D2AA-40AA-9FB3-78B7CD9D1D4D}.Release|Any CPU.ActiveCfg = Release|Any CPU
		{AF13EB63-D2AA-40AA-9FB3-78B7CD9D1D4D}.Release|Any CPU.Build.0 = Release|Any CPU
	EndGlobalSection
	GlobalSection(SolutionProperties) = preSolution
		HideSolutionNode = FALSE
	EndGlobalSection
	GlobalSection(ExtensibilityGlobals) = postSolution
		SolutionGuid = {840E532D-127A-4B05-9BCA-94AB04CF4B68}
	EndGlobalSection
EndGlobal
